version: 1
packages:
  agentme@latest: 0.8.2
  xdrs-core@0.27.0: 0.27.0
sets:
  - package: agentme@latest
    output: {}
    selector: {}
files:
  .:
    - .xdrs/_core/adrs/index.md|xdrs-core|0.27.0|file|f5f69e111072|0
    - .xdrs/_core/adrs/principles/001-xdrs-core.md|xdrs-core|0.27.0|file|e17236b7795f|0
    - .xdrs/_core/adrs/principles/002-policy-standards.md|xdrs-core|0.27.0|file|7167c0fc193b|0
    - .xdrs/_core/adrs/principles/003-skill-standards.md|xdrs-core|0.27.0|file|92faf9ffa638|0
    - .xdrs/_core/adrs/principles/004-article-standards.md|xdrs-core|0.27.0|file|1bba5558d7fa|0
    - .xdrs/_core/adrs/principles/005-semantic-versioning-for-xdrs-packages.md|xdrs-core|0.27.0|file|3060fcc77aa7|0
    - .xdrs/_core/adrs/principles/006-research-standards.md|xdrs-core|0.27.0|file|ff847fcd5914|0
    - .xdrs/_core/adrs/principles/007-plan-standards.md|xdrs-core|0.27.0|file|ed6f135f86a4|0
    - .xdrs/_core/adrs/principles/008-xdr-standards-structured.md|xdrs-core|0.27.0|file|cde0f3c2e305|0
    - .xdrs/_core/adrs/principles/009-presentation-standards.md|xdrs-core|0.27.0|file|d454789bedd2|0
    - .xdrs/_core/adrs/principles/articles/001-xdrs-overview.md|xdrs-core|0.27.0|file|00414f6319f0|0
    - .xdrs/_core/adrs/principles/skills/001-review/SKILL.md|xdrs-core|0.27.0|file|04262f4e9ea2|0
    - .xdrs/_core/adrs/principles/skills/002-write-policy/SKILL.md|xdrs-core|0.27.0|file|aa52847d563e|0
    - .xdrs/_core/adrs/principles/skills/003-write-skill/SKILL.md|xdrs-core|0.27.0|file|b6a954cfe88c|0
    - .xdrs/_core/adrs/principles/skills/004-write-article/SKILL.md|xdrs-core|0.27.0|file|269fefd5f9e9|0
    - .xdrs/_core/adrs/principles/skills/005-write-research/SKILL.md|xdrs-core|0.27.0|file|6d8ecb4a725f|0
    - .xdrs/_core/adrs/principles/skills/006-write-plan/SKILL.md|xdrs-core|0.27.0|file|3383d24e46c2|0
    - .xdrs/_core/adrs/principles/skills/007-write-presentation/SKILL.md|xdrs-core|0.27.0|file|20199f8bdd10|0
    - .xdrs/_core/index.md|xdrs-core|0.27.0|file|de2c5180edbe|0
    - AGENTS.md|xdrs-core|0.27.0|file|c258486519ae|0
    - .xdrs/agentme/edrs/application/skills/004-select-relevant-xdrs/SKILL.md|agentme|0.8.2|file|997ae7c90f46|0
    - .xdrs/agentme/edrs/application/003-javascript-project-tooling.md|agentme|0.8.2|file|3bca6c252fc2|0
    - .xdrs/agentme/edrs/application/010-golang-project-tooling.md|agentme|0.8.2|file|7df5f017ccd6|0
    - .xdrs/agentme/edrs/application/014-python-project-tooling.md|agentme|0.8.2|file|cb0fc570279e|0
    - .xdrs/agentme/edrs/application/015-cli-tool-standards.md|agentme|0.8.2|file|9837aa41d76b|0
    - .xdrs/agentme/edrs/application/skills/001-create-javascript-project/SKILL.md|agentme|0.8.2|file|00ff2c00f5af|0
    - .xdrs/agentme/edrs/application/skills/003-create-golang-project/SKILL.md|agentme|0.8.2|file|9972a2d4de6c|0
    - .xdrs/agentme/edrs/application/skills/005-create-python-project/SKILL.md|agentme|0.8.2|file|ecf7dfbd6dee|0
    - .xdrs/agentme/edrs/devops/005-monorepo-structure.md|agentme|0.8.2|file|c7661a51418f|0
    - .xdrs/agentme/edrs/devops/006-github-pipelines.md|agentme|0.8.2|file|c138cb998b58|0
    - .xdrs/agentme/edrs/devops/008-common-targets.md|agentme|0.8.2|file|2d95b2d414c2|0
    - .xdrs/agentme/edrs/devops/017-tool-execution-and-scripting.md|agentme|0.8.2|file|f8b96813cc09|0
    - .xdrs/agentme/edrs/devops/skills/002-monorepo-setup/SKILL.md|agentme|0.8.2|file|468ce8ad0ab2|0
    - .xdrs/agentme/edrs/governance/013-contributing-guide-requirements.md|agentme|0.8.2|file|ccdb4957fcc9|0
    - .xdrs/agentme/edrs/index.md|agentme|0.8.2|file|23ad197f4cd7|0
    - .xdrs/agentme/edrs/observability/011-service-health-check-endpoint.md|agentme|0.8.2|file|c104aebdec4b|0
    - .xdrs/agentme/edrs/principles/002-coding-best-practices.md|agentme|0.8.2|file|e9f2b3f44ac5|0
    - .xdrs/agentme/edrs/principles/004-unit-test-requirements.md|agentme|0.8.2|file|743eada962ae|0
    - .xdrs/agentme/edrs/principles/007-project-quality-standards.md|agentme|0.8.2|file|417e420bcfc6|0
    - .xdrs/agentme/edrs/principles/009-error-handling.md|agentme|0.8.2|file|965a60095ee1|0
    - .xdrs/agentme/edrs/principles/012-continuous-xdr-enrichment.md|agentme|0.8.2|file|7863c8da0558|0
    - .xdrs/agentme/edrs/principles/016-cross-language-module-structure.md|agentme|0.8.2|file|409803300d5a|0
    - .xdrs/agentme/edrs/principles/articles/001-continuous-xdr-improvement.md|agentme|0.8.2|file|e1279679b345|0
    - .xdrs/agentme/index.md|agentme|0.8.2|file|c9ceb832e8fc|0
    - .github/agents/speckit.analyze.agent.md|agentme|0.8.2|file|d4736c976438|0
    - .github/agents/speckit.checklist.agent.md|agentme|0.8.2|file|7f9321e79a3d|0
    - .github/agents/speckit.clarify.agent.md|agentme|0.8.2|file|fd2239e88634|0
    - .github/agents/speckit.constitution.agent.md|agentme|0.8.2|file|8802a6e396b6|0
    - .github/agents/speckit.implement.agent.md|agentme|0.8.2|file|87017d5cab5b|0
    - .github/agents/speckit.plan.agent.md|agentme|0.8.2|file|8489fdd9656b|0
    - .github/agents/speckit.specify.agent.md|agentme|0.8.2|file|2889da6ff397|0
    - .github/agents/speckit.tasks.agent.md|agentme|0.8.2|file|67a69c9c75f2|0
    - .github/agents/speckit.taskstoissues.agent.md|agentme|0.8.2|file|907276c466a4|0
    - .github/prompts/speckit.analyze.prompt.md|agentme|0.8.2|file|d07fc7061d8a|0
    - .github/prompts/speckit.checklist.prompt.md|agentme|0.8.2|file|5acc9508ad5a|0
    - .github/prompts/speckit.clarify.prompt.md|agentme|0.8.2|file|c858eb4b8b44|0
    - .github/prompts/speckit.constitution.prompt.md|agentme|0.8.2|file|1422ddfda483|0
    - .github/prompts/speckit.implement.prompt.md|agentme|0.8.2|file|3b898ee9c80b|0
    - .github/prompts/speckit.plan.prompt.md|agentme|0.8.2|file|31cb150b78bf|0
    - .github/prompts/speckit.specify.prompt.md|agentme|0.8.2|file|df46bac4f60e|0
    - .github/prompts/speckit.tasks.prompt.md|agentme|0.8.2|file|35c255f3e268|0
    - .github/prompts/speckit.taskstoissues.prompt.md|agentme|0.8.2|file|000747cb6267|0
    - .specify/memory/constitution.md|agentme|0.8.2|file|796254dc2893|0
    - .specify/scripts/bash/check-prerequisites.sh|agentme|0.8.2|file|e7640f8e9a6d|0
    - .specify/scripts/bash/common.sh|agentme|0.8.2|file|af4ab41eb851|0
    - .specify/scripts/bash/create-new-feature.sh|agentme|0.8.2|file|8b4e6c3e6972|0
    - .specify/scripts/bash/setup-plan.sh|agentme|0.8.2|file|dd03e9819aee|0
    - .specify/scripts/bash/update-agent-context.sh|agentme|0.8.2|file|82a1796b848c|0
    - .specify/templates/agent-file-template.md|agentme|0.8.2|file|22f45fe5238f|0
    - .specify/templates/checklist-template.md|agentme|0.8.2|file|1f95ddd0ca77|0
    - .specify/templates/constitution-template.md|agentme|0.8.2|file|a797a150201d|0
    - .specify/templates/plan-template.md|agentme|0.8.2|file|5cb687798de8|0
    - .specify/templates/spec-template.md|agentme|0.8.2|file|fce4355100c5|0
    - .specify/templates/tasks-template.md|agentme|0.8.2|file|18a506449799|0
    - .github/skills/001-review|xdrs-core|0.27.0|symlink|18c5f3a037d4|0
    - .github/skills/002-write-policy|xdrs-core|0.27.0|symlink|6a529131a7a6|0
    - .github/skills/003-write-skill|xdrs-core|0.27.0|symlink|688bdafc1e0e|0
    - .github/skills/004-write-article|xdrs-core|0.27.0|symlink|b039d47d3173|0
    - .github/skills/005-write-research|xdrs-core|0.27.0|symlink|1c5a5e378515|0
    - .github/skills/006-write-plan|xdrs-core|0.27.0|symlink|2b94edbd7c9a|0
    - .github/skills/007-write-presentation|xdrs-core|0.27.0|symlink|50275c9840fb|0
    - .github/skills/001-create-javascript-project|xdrs-core|0.27.0|symlink|8a0cc510fbce|0
    - .github/skills/003-create-golang-project|xdrs-core|0.27.0|symlink|84100e64497b|0
    - .github/skills/004-select-relevant-xdrs|xdrs-core|0.27.0|symlink|3698bb3f3db7|0
    - .github/skills/005-create-python-project|xdrs-core|0.27.0|symlink|83b11fbd689d|0
    - .github/skills/002-monorepo-setup|xdrs-core|0.27.0|symlink|35d36a81fd91|0
checksum: b65e851dd3ca

