version: 1
packages:
  git:https://github.com/flaviostutz/agentme.git@main: 208a20a967b7
  xdrs-core@0.28.0: 0.28.0
sets:
  - package: git:https://github.com/flaviostutz/agentme.git@main
    output: {}
    selector:
      upgrade: true
files:
  .:
    - .xdrs/_core/adrs/principles/002-policy-standards.md|xdrs-core|0.27.0|file|7167c0fc193b|0
    - .xdrs/_core/adrs/principles/003-skill-standards.md|xdrs-core|0.27.0|file|92faf9ffa638|0
    - .xdrs/_core/adrs/principles/004-article-standards.md|xdrs-core|0.27.0|file|1bba5558d7fa|0
    - .xdrs/_core/adrs/principles/005-semantic-versioning-for-xdrs-packages.md|xdrs-core|0.27.0|file|3060fcc77aa7|0
    - .xdrs/_core/adrs/principles/006-research-standards.md|xdrs-core|0.27.0|file|ff847fcd5914|0
    - .xdrs/_core/adrs/principles/007-plan-standards.md|xdrs-core|0.27.0|file|ed6f135f86a4|0
    - .xdrs/_core/adrs/principles/009-presentation-standards.md|xdrs-core|0.27.0|file|d454789bedd2|0
    - .xdrs/_core/adrs/principles/skills/001-review/SKILL.md|xdrs-core|0.27.0|file|04262f4e9ea2|0
    - .xdrs/_core/adrs/principles/skills/007-write-presentation/SKILL.md|xdrs-core|0.27.0|file|20199f8bdd10|0
    - .xdrs/_core/index.md|xdrs-core|0.27.0|file|de2c5180edbe|0
    - AGENTS.md|xdrs-core|0.27.0|file|c258486519ae|0
    - .xdrs/agentme/edrs/application/skills/004-select-relevant-xdrs/SKILL.md|agentme|0.8.2|file|997ae7c90f46|0
    - .xdrs/agentme/edrs/devops/skills/002-monorepo-setup/SKILL.md|agentme|0.8.2|file|468ce8ad0ab2|0
    - .xdrs/agentme/index.md|agentme|0.8.2|file|c9ceb832e8fc|0
    - .github/agents/speckit.analyze.agent.md|agentme|0.8.2|file|d4736c976438|0
    - .github/agents/speckit.checklist.agent.md|agentme|0.8.2|file|7f9321e79a3d|0
    - .github/agents/speckit.clarify.agent.md|agentme|0.8.2|file|fd2239e88634|0
    - .github/agents/speckit.constitution.agent.md|agentme|0.8.2|file|8802a6e396b6|0
    - .github/agents/speckit.implement.agent.md|agentme|0.8.2|file|87017d5cab5b|0
    - .github/agents/speckit.plan.agent.md|agentme|0.8.2|file|8489fdd9656b|0
    - .github/agents/speckit.specify.agent.md|agentme|0.8.2|file|2889da6ff397|0
    - .github/agents/speckit.tasks.agent.md|agentme|0.8.2|file|67a69c9c75f2|0
    - .github/agents/speckit.taskstoissues.agent.md|agentme|0.8.2|file|907276c466a4|0
    - .github/prompts/speckit.analyze.prompt.md|agentme|0.8.2|file|d07fc7061d8a|0
    - .github/prompts/speckit.checklist.prompt.md|agentme|0.8.2|file|5acc9508ad5a|0
    - .github/prompts/speckit.clarify.prompt.md|agentme|0.8.2|file|c858eb4b8b44|0
    - .github/prompts/speckit.constitution.prompt.md|agentme|0.8.2|file|1422ddfda483|0
    - .github/prompts/speckit.implement.prompt.md|agentme|0.8.2|file|3b898ee9c80b|0
    - .github/prompts/speckit.plan.prompt.md|agentme|0.8.2|file|31cb150b78bf|0
    - .github/prompts/speckit.specify.prompt.md|agentme|0.8.2|file|df46bac4f60e|0
    - .github/prompts/speckit.tasks.prompt.md|agentme|0.8.2|file|35c255f3e268|0
    - .github/prompts/speckit.taskstoissues.prompt.md|agentme|0.8.2|file|000747cb6267|0
    - .specify/memory/constitution.md|agentme|0.8.2|file|796254dc2893|0
    - .specify/scripts/bash/check-prerequisites.sh|agentme|0.8.2|file|e7640f8e9a6d|0
    - .specify/scripts/bash/common.sh|agentme|0.8.2|file|af4ab41eb851|0
    - .specify/scripts/bash/create-new-feature.sh|agentme|0.8.2|file|8b4e6c3e6972|0
    - .specify/scripts/bash/setup-plan.sh|agentme|0.8.2|file|dd03e9819aee|0
    - .specify/scripts/bash/update-agent-context.sh|agentme|0.8.2|file|82a1796b848c|0
    - .specify/templates/agent-file-template.md|agentme|0.8.2|file|22f45fe5238f|0
    - .specify/templates/checklist-template.md|agentme|0.8.2|file|1f95ddd0ca77|0
    - .specify/templates/constitution-template.md|agentme|0.8.2|file|a797a150201d|0
    - .specify/templates/plan-template.md|agentme|0.8.2|file|5cb687798de8|0
    - .specify/templates/spec-template.md|agentme|0.8.2|file|fce4355100c5|0
    - .specify/templates/tasks-template.md|agentme|0.8.2|file|18a506449799|0
    - .github/skills/001-review|xdrs-core|0.28.0|symlink|18c5f3a037d4|0
    - .xdrs/_core/adrs/principles/articles/.assets/001-xdrs-overview-slides.md|https://github.com/flaviostutz/xdrs-core.git|a3f2dc05abd5|file|d4071aa47a37|0
    - .xdrs/_core/adrs/principles/skills/008-write-xdrs-doc/SKILL.md|https://github.com/flaviostutz/xdrs-core.git|a3f2dc05abd5|file|0236f9e4819d|0
    - .xdrs/agentme/edrs/application/020-ai-agent-xdrs-knowledge-layer.md|https://github.com/flaviostutz/agentme.git|663303107d59|file|0de638369dfa|0
    - .xdrs/_core/adrs/index.md|https://github.com/flaviostutz/xdrs-core.git|a3f2dc05abd5|file|ca7abba5dbdf|0
    - .xdrs/_core/adrs/principles/008-xdr-standards-structured.md|https://github.com/flaviostutz/xdrs-core.git|a3f2dc05abd5|file|3c6b7c9b1415|0
    - .xdrs/agentme/edrs/application/019-ml-dataset-structure.md|https://github.com/flaviostutz/agentme.git|663303107d59|file|99a55826cf33|0
    - .github/skills/008-write-xdrs-doc|xdrs-core|0.28.0|symlink|c3a23ff52f24|0
    - .xdrs/agentme/edrs/application/021-pragmatic-hexagonal-architecture.md|https://github.com/flaviostutz/agentme.git|1909579b6369|file|98a252a0b421|0
    - .xdrs/agentme/edrs/application/003-javascript-project-tooling.md|https://github.com/flaviostutz/agentme.git|1909579b6369|file|22dee682aa1d|0
    - .xdrs/agentme/edrs/application/010-golang-project-tooling.md|https://github.com/flaviostutz/agentme.git|1909579b6369|file|5ee714c870b5|0
    - .xdrs/agentme/edrs/application/015-cli-tool-standards.md|https://github.com/flaviostutz/agentme.git|1909579b6369|file|c0a3ab2475cf|0
    - .xdrs/agentme/edrs/application/018-ai-agent-development-standards.md|https://github.com/flaviostutz/agentme.git|1909579b6369|file|dc74b3af2630|0
    - .xdrs/agentme/edrs/application/skills/001-create-javascript-project/SKILL.md|https://github.com/flaviostutz/agentme.git|1909579b6369|file|c0108db05573|0
    - .xdrs/agentme/edrs/application/skills/003-create-golang-project/SKILL.md|https://github.com/flaviostutz/agentme.git|1909579b6369|file|c1e7bda55d33|0
    - .xdrs/agentme/edrs/devops/005-monorepo-structure.md|https://github.com/flaviostutz/agentme.git|1909579b6369|file|1df0b6e51d2a|0
    - .xdrs/agentme/edrs/devops/006-github-pipelines.md|https://github.com/flaviostutz/agentme.git|1909579b6369|file|30abcd238670|0
    - .xdrs/agentme/edrs/devops/008-common-targets.md|https://github.com/flaviostutz/agentme.git|1909579b6369|file|563ced902715|0
    - .xdrs/agentme/edrs/devops/017-tool-execution-and-scripting.md|https://github.com/flaviostutz/agentme.git|1909579b6369|file|f5f93bfaf51f|0
    - .xdrs/agentme/edrs/governance/013-contributing-guide-requirements.md|https://github.com/flaviostutz/agentme.git|1909579b6369|file|854d5407a2e0|0
    - .xdrs/agentme/edrs/index.md|https://github.com/flaviostutz/agentme.git|1909579b6369|file|afab0ed87a2f|0
    - .xdrs/agentme/edrs/observability/011-service-health-check-endpoint.md|https://github.com/flaviostutz/agentme.git|1909579b6369|file|42d59b1d6062|0
    - .xdrs/agentme/edrs/principles/002-coding-best-practices.md|https://github.com/flaviostutz/agentme.git|1909579b6369|file|5bfe54e8a3fe|0
    - .xdrs/agentme/edrs/principles/004-unit-test-requirements.md|https://github.com/flaviostutz/agentme.git|1909579b6369|file|bad37fa358da|0
    - .xdrs/agentme/edrs/principles/007-project-quality-standards.md|https://github.com/flaviostutz/agentme.git|1909579b6369|file|a0d0a74f93c3|0
    - .xdrs/agentme/edrs/principles/009-error-handling.md|https://github.com/flaviostutz/agentme.git|1909579b6369|file|e4d691cb8a4f|0
    - .xdrs/agentme/edrs/principles/012-continuous-xdr-enrichment.md|https://github.com/flaviostutz/agentme.git|1909579b6369|file|10d150aa359e|0
    - .xdrs/agentme/edrs/principles/016-cross-language-module-structure.md|https://github.com/flaviostutz/agentme.git|1909579b6369|file|1ac9b83627c4|0
    - .xdrs/agentme/edrs/principles/articles/001-continuous-xdr-improvement.md|https://github.com/flaviostutz/agentme.git|1909579b6369|file|a4166906ecb4|0
    - .xdrs/_core/adrs/principles/001-xdrs-core.md|xdrs-core|0.28.0|file|e17236b7795f|0
    - .xdrs/_core/adrs/principles/articles/001-xdrs-overview.md|xdrs-core|0.28.0|file|6e9080496d4e|0
    - .xdrs/_core/adrs/principles/skills/002-write-policy/SKILL.md|xdrs-core|0.28.0|file|aa52847d563e|0
    - .xdrs/_core/adrs/principles/skills/003-write-skill/SKILL.md|xdrs-core|0.28.0|file|b6a954cfe88c|0
    - .xdrs/_core/adrs/principles/skills/004-write-article/SKILL.md|xdrs-core|0.28.0|file|269fefd5f9e9|0
    - .xdrs/_core/adrs/principles/skills/005-write-research/SKILL.md|xdrs-core|0.28.0|file|6d8ecb4a725f|0
    - .xdrs/_core/adrs/principles/skills/006-write-plan/SKILL.md|xdrs-core|0.28.0|file|3383d24e46c2|0
    - .xdrs/agentme/edrs/application/014-python-project-tooling.md|https://github.com/flaviostutz/agentme.git|208a20a967b7|file|030e0bb8fda8|0
    - .xdrs/agentme/edrs/application/skills/005-create-python-project/SKILL.md|https://github.com/flaviostutz/agentme.git|208a20a967b7|file|6b120ff2206a|0
checksum: 957e4ffe147b

